
Microsoft Visual Studio Solution File, Format Version 12.00
# Visual Studio Express 2012 for Web
Project("{FAE04EC0-301F-11D3-BF4B-00C04F79EFBC}") = "krestiki_noliki", "krestiki_noliki\krestiki_noliki.csproj", "{BFDF4BC0-9FF1-4D19-A876-CC830AC410E5}"
EndProject
Global
	GlobalSection(SolutionConfigurationPlatforms) = preSolution
		Debug|Any CPU = Debug|Any CPU
		Release|Any CPU = Release|Any CPU
	EndGlobalSection
	GlobalSection(ProjectConfigurationPlatforms) = postSolution
		{BFDF4BC0-9FF1-4D19-A876-CC830AC410E5}.Debug|Any CPU.ActiveCfg = Debug|Any CPU
		{BFDF4BC0-9FF1-4D19-A876-CC830AC410E5}.Debug|Any CPU.Build.0 = Debug|Any CPU
		{BFDF4BC0-9FF1-4D19-A876-CC830AC410E5}.Release|Any CPU.ActiveCfg = Release|Any CPU
		{BFDF4BC0-9FF1-4D19-A876-CC830AC410E5}.Release|Any CPU.Build.0 = Release|Any CPU
	EndGlobalSection
	GlobalSection(SolutionProperties) = preSolution
		HideSolutionNode = FALSE
	EndGlobalSection
EndGlobal
